
Microsoft Visual Studio Solution File, Format Version 12.00
# Visual Studio Version 17
VisualStudioVersion = 17.4.33213.308
MinimumVisualStudioVersion = 10.0.40219.1
Project("{9A19103F-16F7-4668-BE54-9A1E7A4F7556}") = "EntityLayer", "EntityLayer\EntityLayer.csproj", "{3AB99B7C-1E75-4EAE-AF17-E9FFC5933766}"
EndProject
Project("{9A19103F-16F7-4668-BE54-9A1E7A4F7556}") = "DataAccessLayer", "DataAccessLayer\DataAccessLayer.csproj", "{B5BCF165-A23E-4340-BE21-4C09D266B246}"
EndProject
Project("{9A19103F-16F7-4668-BE54-9A1E7A4F7556}") = "BusinessLayer", "BusinessLayer\BusinessLayer.csproj", "{9E911B58-6984-4686-8A5B-9BC7579AF293}"
EndProject
Project("{9A19103F-16F7-4668-BE54-9A1E7A4F7556}") = "CoreLayer", "CoreLayer\CoreLayer.csproj", "{668977E0-1792-4676-9D71-07A6A6048C75}"
EndProject
Project("{FAE04EC0-301F-11D3-BF4B-00C04F79EFBC}") = "PresentionLayer", "PresentionLayer\PresentionLayer.csproj", "{47511C8D-FB3F-41BF-9E83-3D512F80C422}"
EndProject
Global
	GlobalSection(SolutionConfigurationPlatforms) = preSolution
		Debug|Any CPU = Debug|Any CPU
		Release|Any CPU = Release|Any CPU
	EndGlobalSection
	GlobalSection(ProjectConfigurationPlatforms) = postSolution
		{3AB99B7C-1E75-4EAE-AF17-E9FFC5933766}.Debug|Any CPU.ActiveCfg = Debug|Any CPU
		{3AB99B7C-1E75-4EAE-AF17-E9FFC5933766}.Debug|Any CPU.Build.0 = Debug|Any CPU
		{3AB99B7C-1E75-4EAE-AF17-E9FFC5933766}.Release|Any CPU.ActiveCfg = Release|Any CPU
		{3AB99B7C-1E75-4EAE-AF17-E9FFC5933766}.Release|Any CPU.Build.0 = Release|Any CPU
		{B5BCF165-A23E-4340-BE21-4C09D266B246}.Debug|Any CPU.ActiveCfg = Debug|Any CPU
		{B5BCF165-A23E-4340-BE21-4C09D266B246}.Debug|Any CPU.Build.0 = Debug|Any CPU
		{B5BCF165-A23E-4340-BE21-4C09D266B246}.Release|Any CPU.ActiveCfg = Release|Any CPU
		{B5BCF165-A23E-4340-BE21-4C09D266B246}.Release|Any CPU.Build.0 = Release|Any CPU
		{9E911B58-6984-4686-8A5B-9BC7579AF293}.Debug|Any CPU.ActiveCfg = Debug|Any CPU
		{9E911B58-6984-4686-8A5B-9BC7579AF293}.Debug|Any CPU.Build.0 = Debug|Any CPU
		{9E911B58-6984-4686-8A5B-9BC7579AF293}.Release|Any CPU.ActiveCfg = Release|Any CPU
		{9E911B58-6984-4686-8A5B-9BC7579AF293}.Release|Any CPU.Build.0 = Release|Any CPU
		{668977E0-1792-4676-9D71-07A6A6048C75}.Debug|Any CPU.ActiveCfg = Debug|Any CPU
		{668977E0-1792-4676-9D71-07A6A6048C75}.Debug|Any CPU.Build.0 = Debug|Any CPU
		{668977E0-1792-4676-9D71-07A6A6048C75}.Release|Any CPU.ActiveCfg = Release|Any CPU
		{668977E0-1792-4676-9D71-07A6A6048C75}.Release|Any CPU.Build.0 = Release|Any CPU
		{47511C8D-FB3F-41BF-9E83-3D512F80C422}.Debug|Any CPU.ActiveCfg = Debug|Any CPU
		{47511C8D-FB3F-41BF-9E83-3D512F80C422}.Debug|Any CPU.Build.0 = Debug|Any CPU
		{47511C8D-FB3F-41BF-9E83-3D512F80C422}.Release|Any CPU.ActiveCfg = Release|Any CPU
		{47511C8D-FB3F-41BF-9E83-3D512F80C422}.Release|Any CPU.Build.0 = Release|Any CPU
	EndGlobalSection
	GlobalSection(SolutionProperties) = preSolution
		HideSolutionNode = FALSE
	EndGlobalSection
	GlobalSection(ExtensibilityGlobals) = postSolution
		SolutionGuid = {74EE9D31-CCB2-4124-8514-529E3891FD58}
	EndGlobalSection
EndGlobal
